// !$*UTF8*$!
{
	archiveVersion = 1;
	classes = {
	};
	objectVersion = 50;
	objects = {

/* Begin PBXBuildFile section */
		6CCE8301221DAEE8000FC053 /* AppDelegate.swift in Sources */ = {isa = PBXBuildFile; fileRef = 6CCE8300221DAEE8000FC053 /* AppDelegate.swift */; };
		6CCE8303221DAEE8000FC053 /* JourneyViewController.swift in Sources */ = {isa = PBXBuildFile; fileRef = 6CCE8302221DAEE8000FC053 /* JourneyViewController.swift */; };
		6CCE8306221DAEE8000FC053 /* Main.storyboard in Resources */ = {isa = PBXBuildFile; fileRef = 6CCE8304221DAEE8000FC053 /* Main.storyboard */; };
		6CCE8308221DAEEA000FC053 /* Assets.xcassets in Resources */ = {isa = PBXBuildFile; fileRef = 6CCE8307221DAEEA000FC053 /* Assets.xcassets */; };
		6CCE830B221DAEEA000FC053 /* LaunchScreen.storyboard in Resources */ = {isa = PBXBuildFile; fileRef = 6CCE8309221DAEEA000FC053 /* LaunchScreen.storyboard */; };
		6CCE8316221DC559000FC053 /* JourneyManager.swift in Sources */ = {isa = PBXBuildFile; fileRef = 6CCE8315221DC559000FC053 /* JourneyManager.swift */; };
		6CCE8318221DC6FB000FC053 /* Journey.swift in Sources */ = {isa = PBXBuildFile; fileRef = 6CCE8317221DC6FB000FC053 /* Journey.swift */; };
		6CCE831A221DC9A2000FC053 /* Location.swift in Sources */ = {isa = PBXBuildFile; fileRef = 6CCE8319221DC9A2000FC053 /* Location.swift */; };
		6CCE831C221F0309000FC053 /* LocationManager.swift in Sources */ = {isa = PBXBuildFile; fileRef = 6CCE831B221F0309000FC053 /* LocationManager.swift */; };
		6CCE8326221F0BF9000FC053 /* RequestAuthorisationViewController.swift in Sources */ = {isa = PBXBuildFile; fileRef = 6CCE8325221F0BF9000FC053 /* RequestAuthorisationViewController.swift */; };
		6CCE8328221F2772000FC053 /* JourneysListViewController.swift in Sources */ = {isa = PBXBuildFile; fileRef = 6CCE8327221F2772000FC053 /* JourneysListViewController.swift */; };
		6CCE832A221F2781000FC053 /* ViewJourneyViewController.swift in Sources */ = {isa = PBXBuildFile; fileRef = 6CCE8329221F2781000FC053 /* ViewJourneyViewController.swift */; };
		6CCE832C221F280F000FC053 /* JourneyTableViewCell.swift in Sources */ = {isa = PBXBuildFile; fileRef = 6CCE832B221F280F000FC053 /* JourneyTableViewCell.swift */; };
		6CCE832F221F2A6D000FC053 /* JourneyViewModel.swift in Sources */ = {isa = PBXBuildFile; fileRef = 6CCE832E221F2A6D000FC053 /* JourneyViewModel.swift */; };
/* End PBXBuildFile section */

/* Begin PBXFileReference section */
		6CCE82FD221DAEE8000FC053 /* FloowJourney.app */ = {isa = PBXFileReference; explicitFileType = wrapper.application; includeInIndex = 0; path = FloowJourney.app; sourceTree = BUILT_PRODUCTS_DIR; };
		6CCE8300221DAEE8000FC053 /* AppDelegate.swift */ = {isa = PBXFileReference; lastKnownFileType = sourcecode.swift; path = AppDelegate.swift; sourceTree = "<group>"; };
		6CCE8302221DAEE8000FC053 /* JourneyViewController.swift */ = {isa = PBXFileReference; lastKnownFileType = sourcecode.swift; path = JourneyViewController.swift; sourceTree = "<group>"; };
		6CCE8305221DAEE8000FC053 /* Base */ = {isa = PBXFileReference; lastKnownFileType = file.storyboard; name = Base; path = Base.lproj/Main.storyboard; sourceTree = "<group>"; };
		6CCE8307221DAEEA000FC053 /* Assets.xcassets */ = {isa = PBXFileReference; lastKnownFileType = folder.assetcatalog; path = Assets.xcassets; sourceTree = "<group>"; };
		6CCE830A221DAEEA000FC053 /* Base */ = {isa = PBXFileReference; lastKnownFileType = file.storyboard; name = Base; path = Base.lproj/LaunchScreen.storyboard; sourceTree = "<group>"; };
		6CCE830C221DAEEA000FC053 /* Info.plist */ = {isa = PBXFileReference; lastKnownFileType = text.plist.xml; path = Info.plist; sourceTree = "<group>"; };
		6CCE8315221DC559000FC053 /* JourneyManager.swift */ = {isa = PBXFileReference; lastKnownFileType = sourcecode.swift; path = JourneyManager.swift; sourceTree = "<group>"; };
		6CCE8317221DC6FB000FC053 /* Journey.swift */ = {isa = PBXFileReference; lastKnownFileType = sourcecode.swift; path = Journey.swift; sourceTree = "<group>"; };
		6CCE8319221DC9A2000FC053 /* Location.swift */ = {isa = PBXFileReference; lastKnownFileType = sourcecode.swift; path = Location.swift; sourceTree = "<group>"; };
		6CCE831B221F0309000FC053 /* LocationManager.swift */ = {isa = PBXFileReference; lastKnownFileType = sourcecode.swift; path = LocationManager.swift; sourceTree = "<group>"; };
		6CCE8325221F0BF9000FC053 /* RequestAuthorisationViewController.swift */ = {isa = PBXFileReference; lastKnownFileType = sourcecode.swift; path = RequestAuthorisationViewController.swift; sourceTree = "<group>"; };
		6CCE8327221F2772000FC053 /* JourneysListViewController.swift */ = {isa = PBXFileReference; lastKnownFileType = sourcecode.swift; path = JourneysListViewController.swift; sourceTree = "<group>"; };
		6CCE8329221F2781000FC053 /* ViewJourneyViewController.swift */ = {isa = PBXFileReference; lastKnownFileType = sourcecode.swift; path = ViewJourneyViewController.swift; sourceTree = "<group>"; };
		6CCE832B221F280F000FC053 /* JourneyTableViewCell.swift */ = {isa = PBXFileReference; lastKnownFileType = sourcecode.swift; path = JourneyTableViewCell.swift; sourceTree = "<group>"; };
		6CCE832E221F2A6D000FC053 /* JourneyViewModel.swift */ = {isa = PBXFileReference; lastKnownFileType = sourcecode.swift; path = JourneyViewModel.swift; sourceTree = "<group>"; };
/* End PBXFileReference section */

/* Begin PBXFrameworksBuildPhase section */
		6CCE82FA221DAEE8000FC053 /* Frameworks */ = {
			isa = PBXFrameworksBuildPhase;
			buildActionMask = 2147483647;
			files = (
			);
			runOnlyForDeploymentPostprocessing = 0;
		};
/* End PBXFrameworksBuildPhase section */

/* Begin PBXGroup section */
		6CCE82F4221DAEE8000FC053 = {
			isa = PBXGroup;
			children = (
				6CCE82FF221DAEE8000FC053 /* FloowJourney */,
				6CCE82FE221DAEE8000FC053 /* Products */,
				6CCE8312221DB95D000FC053 /* Frameworks */,
			);
			sourceTree = "<group>";
		};
		6CCE82FE221DAEE8000FC053 /* Products */ = {
			isa = PBXGroup;
			children = (
				6CCE82FD221DAEE8000FC053 /* FloowJourney.app */,
			);
			name = Products;
			sourceTree = "<group>";
		};
		6CCE82FF221DAEE8000FC053 /* FloowJourney */ = {
			isa = PBXGroup;
			children = (
				6CCE8300221DAEE8000FC053 /* AppDelegate.swift */,
				6CCE8321221F0497000FC053 /* Assets */,
				6CCE831D221F045A000FC053 /* Classes */,
				6CCE831E221F046A000FC053 /* Managers */,
				6CCE831F221F0479000FC053 /* Views */,
				6CCE8320221F0486000FC053 /* Interface */,
				6CCE8322221F04A8000FC053 /* Supporting Files */,
			);
			path = FloowJourney;
			sourceTree = "<group>";
		};
		6CCE8312221DB95D000FC053 /* Frameworks */ = {
			isa = PBXGroup;
			children = (
			);
			name = Frameworks;
			sourceTree = "<group>";
		};
		6CCE831D221F045A000FC053 /* Classes */ = {
			isa = PBXGroup;
			children = (
				6CCE8317221DC6FB000FC053 /* Journey.swift */,
				6CCE8319221DC9A2000FC053 /* Location.swift */,
			);
			path = Classes;
			sourceTree = "<group>";
		};
		6CCE831E221F046A000FC053 /* Managers */ = {
			isa = PBXGroup;
			children = (
				6CCE8315221DC559000FC053 /* JourneyManager.swift */,
				6CCE831B221F0309000FC053 /* LocationManager.swift */,
			);
			path = Managers;
			sourceTree = "<group>";
		};
		6CCE831F221F0479000FC053 /* Views */ = {
			isa = PBXGroup;
			children = (
				6CCE8325221F0BF9000FC053 /* RequestAuthorisationViewController.swift */,
				6CCE8330221F2A77000FC053 /* Journey View */,
				6CCE8331221F2A99000FC053 /* Journey List View */,
				6CCE8329221F2781000FC053 /* ViewJourneyViewController.swift */,
			);
			path = Views;
			sourceTree = "<group>";
		};
		6CCE8320221F0486000FC053 /* Interface */ = {
			isa = PBXGroup;
			children = (
				6CCE8304221DAEE8000FC053 /* Main.storyboard */,
				6CCE8309221DAEEA000FC053 /* LaunchScreen.storyboard */,
			);
			path = Interface;
			sourceTree = "<group>";
		};
		6CCE8321221F0497000FC053 /* Assets */ = {
			isa = PBXGroup;
			children = (
				6CCE8307221DAEEA000FC053 /* Assets.xcassets */,
			);
			path = Assets;
			sourceTree = "<group>";
		};
		6CCE8322221F04A8000FC053 /* Supporting Files */ = {
			isa = PBXGroup;
			children = (
				6CCE830C221DAEEA000FC053 /* Info.plist */,
			);
			path = "Supporting Files";
			sourceTree = "<group>";
		};
		6CCE8330221F2A77000FC053 /* Journey View */ = {
			isa = PBXGroup;
			children = (
				6CCE8302221DAEE8000FC053 /* JourneyViewController.swift */,
				6CCE832E221F2A6D000FC053 /* JourneyViewModel.swift */,
			);
			path = "Journey View";
			sourceTree = "<group>";
		};
		6CCE8331221F2A99000FC053 /* Journey List View */ = {
			isa = PBXGroup;
			children = (
				6CCE8327221F2772000FC053 /* JourneysListViewController.swift */,
				6CCE832B221F280F000FC053 /* JourneyTableViewCell.swift */,
			);
			path = "Journey List View";
			sourceTree = "<group>";
		};
/* End PBXGroup section */

/* Begin PBXNativeTarget section */
		6CCE82FC221DAEE8000FC053 /* FloowJourney */ = {
			isa = PBXNativeTarget;
			buildConfigurationList = 6CCE830F221DAEEA000FC053 /* Build configuration list for PBXNativeTarget "FloowJourney" */;
			buildPhases = (
				6CCE82F9221DAEE8000FC053 /* Sources */,
				6CCE82FA221DAEE8000FC053 /* Frameworks */,
				6CCE82FB221DAEE8000FC053 /* Resources */,
			);
			buildRules = (
			);
			dependencies = (
			);
			name = FloowJourney;
			productName = FloowJourney;
			productReference = 6CCE82FD221DAEE8000FC053 /* FloowJourney.app */;
			productType = "com.apple.product-type.application";
		};
/* End PBXNativeTarget section */

/* Begin PBXProject section */
		6CCE82F5221DAEE8000FC053 /* Project object */ = {
			isa = PBXProject;
			attributes = {
				LastSwiftUpdateCheck = 1010;
				LastUpgradeCheck = 1010;
				ORGANIZATIONNAME = harryliddell;
				TargetAttributes = {
					6CCE82FC221DAEE8000FC053 = {
						CreatedOnToolsVersion = 10.1;
						SystemCapabilities = {
							com.apple.BackgroundModes = {
								enabled = 1;
							};
							com.apple.Maps.iOS = {
								enabled = 0;
							};
						};
					};
				};
			};
			buildConfigurationList = 6CCE82F8221DAEE8000FC053 /* Build configuration list for PBXProject "FloowJourney" */;
			compatibilityVersion = "Xcode 9.3";
			developmentRegion = en;
			hasScannedForEncodings = 0;
			knownRegions = (
				en,
				Base,
			);
			mainGroup = 6CCE82F4221DAEE8000FC053;
			productRefGroup = 6CCE82FE221DAEE8000FC053 /* Products */;
			projectDirPath = "";
			projectRoot = "";
			targets = (
				6CCE82FC221DAEE8000FC053 /* FloowJourney */,
			);
		};
/* End PBXProject section */

/* Begin PBXResourcesBuildPhase section */
		6CCE82FB221DAEE8000FC053 /* Resources */ = {
			isa = PBXResourcesBuildPhase;
			buildActionMask = 2147483647;
			files = (
				6CCE830B221DAEEA000FC053 /* LaunchScreen.storyboard in Resources */,
				6CCE8308221DAEEA000FC053 /* Assets.xcassets in Resources */,
				6CCE8306221DAEE8000FC053 /* Main.storyboard in Resources */,
			);
			runOnlyForDeploymentPostprocessing = 0;
		};
/* End PBXResourcesBuildPhase section */

/* Begin PBXSourcesBuildPhase section */
		6CCE82F9221DAEE8000FC053 /* Sources */ = {
			isa = PBXSourcesBuildPhase;
			buildActionMask = 2147483647;
			files = (
				6CCE8328221F2772000FC053 /* JourneysListViewController.swift in Sources */,
				6CCE8318221DC6FB000FC053 /* Journey.swift in Sources */,
				6CCE832A221F2781000FC053 /* ViewJourneyViewController.swift in Sources */,
				6CCE8316221DC559000FC053 /* JourneyManager.swift in Sources */,
				6CCE831C221F0309000FC053 /* LocationManager.swift in Sources */,
				6CCE831A221DC9A2000FC053 /* Location.swift in Sources */,
				6CCE832F221F2A6D000FC053 /* JourneyViewModel.swift in Sources */,
				6CCE832C221F280F000FC053 /* JourneyTableViewCell.swift in Sources */,
				6CCE8326221F0BF9000FC053 /* RequestAuthorisationViewController.swift in Sources */,
				6CCE8303221DAEE8000FC053 /* JourneyViewController.swift in Sources */,
				6CCE8301221DAEE8000FC053 /* AppDelegate.swift in Sources */,
			);
			runOnlyForDeploymentPostprocessing = 0;
		};
/* End PBXSourcesBuildPhase section */

/* Begin PBXVariantGroup section */
		6CCE8304221DAEE8000FC053 /* Main.storyboard */ = {
			isa = PBXVariantGroup;
			children = (
				6CCE8305221DAEE8000FC053 /* Base */,
			);
			name = Main.storyboard;
			sourceTree = "<group>";
		};
		6CCE8309221DAEEA000FC053 /* LaunchScreen.storyboard */ = {
			isa = PBXVariantGroup;
			children = (
				6CCE830A221DAEEA000FC053 /* Base */,
			);
			name = LaunchScreen.storyboard;
			sourceTree = "<group>";
		};
/* End PBXVariantGroup section */

/* Begin XCBuildConfiguration section */
		6CCE830D221DAEEA000FC053 /* Debug */ = {
			isa = XCBuildConfiguration;
			buildSettings = {
				ALWAYS_SEARCH_USER_PATHS = NO;
				CLANG_ANALYZER_NONNULL = YES;
				CLANG_ANALYZER_NUMBER_OBJECT_CONVERSION = YES_AGGRESSIVE;
				CLANG_CXX_LANGUAGE_STANDARD = "gnu++14";
				CLANG_CXX_LIBRARY = "libc++";
				CLANG_ENABLE_MODULES = YES;
				CLANG_ENABLE_OBJC_ARC = YES;
				CLANG_ENABLE_OBJC_WEAK = YES;
				CLANG_WARN_BLOCK_CAPTURE_AUTORELEASING = YES;
				CLANG_WARN_BOOL_CONVERSION = YES;
				CLANG_WARN_COMMA = YES;
				CLANG_WARN_CONSTANT_CONVERSION = YES;
				CLANG_WARN_DEPRECATED_OBJC_IMPLEMENTATIONS = YES;
				CLANG_WARN_DIRECT_OBJC_ISA_USAGE = YES_ERROR;
				CLANG_WARN_DOCUMENTATION_COMMENTS = YES;
				CLANG_WARN_EMPTY_BODY = YES;
				CLANG_WARN_ENUM_CONVERSION = YES;
				CLANG_WARN_INFINITE_RECURSION = YES;
				CLANG_WARN_INT_CONVERSION = YES;
				CLANG_WARN_NON_LITERAL_NULL_CONVERSION = YES;
				CLANG_WARN_OBJC_IMPLICIT_RETAIN_SELF = YES;
				CLANG_WARN_OBJC_LITERAL_CONVERSION = YES;
				CLANG_WARN_OBJC_ROOT_CLASS = YES_ERROR;
				CLANG_WARN_RANGE_LOOP_ANALYSIS = YES;
				CLANG_WARN_STRICT_PROTOTYPES = YES;
				CLANG_WARN_SUSPICIOUS_MOVE = YES;
				CLANG_WARN_UNGUARDED_AVAILABILITY = YES_AGGRESSIVE;
				CLANG_WARN_UNREACHABLE_CODE = YES;
				CLANG_WARN__DUPLICATE_METHOD_MATCH = YES;
				CODE_SIGN_IDENTITY = "iPhone Developer";
				COPY_PHASE_STRIP = NO;
				DEBUG_INFORMATION_FORMAT = dwarf;
				ENABLE_STRICT_OBJC_MSGSEND = YES;
				ENABLE_TESTABILITY = YES;
				GCC_C_LANGUAGE_STANDARD = gnu11;
				GCC_DYNAMIC_NO_PIC = NO;
				GCC_NO_COMMON_BLOCKS = YES;
				GCC_OPTIMIZATION_LEVEL = 0;
				GCC_PREPROCESSOR_DEFINITIONS = (
					"DEBUG=1",
					"$(inherited)",
				);
				GCC_WARN_64_TO_32_BIT_CONVERSION = YES;
				GCC_WARN_ABOUT_RETURN_TYPE = YES_ERROR;
				GCC_WARN_UNDECLARED_SELECTOR = YES;
				GCC_WARN_UNINITIALIZED_AUTOS = YES_AGGRESSIVE;
				GCC_WARN_UNUSED_FUNCTION = YES;
				GCC_WARN_UNUSED_VARIABLE = YES;
				IPHONEOS_DEPLOYMENT_TARGET = 12.1;
				MTL_ENABLE_DEBUG_INFO = INCLUDE_SOURCE;
				MTL_FAST_MATH = YES;
				ONLY_ACTIVE_ARCH = YES;
				SDKROOT = iphoneos;
				SWIFT_ACTIVE_COMPILATION_CONDITIONS = DEBUG;
				SWIFT_OPTIMIZATION_LEVEL = "-Onone";
			};
			name = Debug;
		};
		6CCE830E221DAEEA000FC053 /* Release */ = {
			isa = XCBuildConfiguration;
			buildSettings = {
				ALWAYS_SEARCH_USER_PATHS = NO;
				CLANG_ANALYZER_NONNULL = YES;
				CLANG_ANALYZER_NUMBER_OBJECT_CONVERSION = YES_AGGRESSIVE;
				CLANG_CXX_LANGUAGE_STANDARD = "gnu++14";
				CLANG_CXX_LIBRARY = "libc++";
				CLANG_ENABLE_MODULES = YES;
				CLANG_ENABLE_OBJC_ARC = YES;
				CLANG_ENABLE_OBJC_WEAK = YES;
				CLANG_WARN_BLOCK_CAPTURE_AUTORELEASING = YES;
				CLANG_WARN_BOOL_CONVERSION = YES;
				CLANG_WARN_COMMA = YES;
				CLANG_WARN_CONSTANT_CONVERSION = YES;
				CLANG_WARN_DEPRECATED_OBJC_IMPLEMENTATIONS = YES;
				CLANG_WARN_DIRECT_OBJC_ISA_USAGE = YES_ERROR;
				CLANG_WARN_DOCUMENTATION_COMMENTS = YES;
				CLANG_WARN_EMPTY_BODY = YES;
				CLANG_WARN_ENUM_CONVERSION = YES;
				CLANG_WARN_INFINITE_RECURSION = YES;
				CLANG_WARN_INT_CONVERSION = YES;
				CLANG_WARN_NON_LITERAL_NULL_CONVERSION = YES;
				CLANG_WARN_OBJC_IMPLICIT_RETAIN_SELF = YES;
				CLANG_WARN_OBJC_LITERAL_CONVERSION = YES;
				CLANG_WARN_OBJC_ROOT_CLASS = YES_ERROR;
				CLANG_WARN_RANGE_LOOP_ANALYSIS = YES;
				CLANG_WARN_STRICT_PROTOTYPES = YES;
				CLANG_WARN_SUSPICIOUS_MOVE = YES;
				CLANG_WARN_UNGUARDED_AVAILABILITY = YES_AGGRESSIVE;
				CLANG_WARN_UNREACHABLE_CODE = YES;
				CLANG_WARN__DUPLICATE_METHOD_MATCH = YES;
				CODE_SIGN_IDENTITY = "iPhone Developer";
				COPY_PHASE_STRIP = NO;
				DEBUG_INFORMATION_FORMAT = "dwarf-with-dsym";
				ENABLE_NS_ASSERTIONS = NO;
				ENABLE_STRICT_OBJC_MSGSEND = YES;
				GCC_C_LANGUAGE_STANDARD = gnu11;
				GCC_NO_COMMON_BLOCKS = YES;
				GCC_WARN_64_TO_32_BIT_CONVERSION = YES;
				GCC_WARN_ABOUT_RETURN_TYPE = YES_ERROR;
				GCC_WARN_UNDECLARED_SELECTOR = YES;
				GCC_WARN_UNINITIALIZED_AUTOS = YES_AGGRESSIVE;
				GCC_WARN_UNUSED_FUNCTION = YES;
				GCC_WARN_UNUSED_VARIABLE = YES;
				IPHONEOS_DEPLOYMENT_TARGET = 12.1;
				MTL_ENABLE_DEBUG_INFO = NO;
				MTL_FAST_MATH = YES;
				SDKROOT = iphoneos;
				SWIFT_COMPILATION_MODE = wholemodule;
				SWIFT_OPTIMIZATION_LEVEL = "-O";
				VALIDATE_PRODUCT = YES;
			};
			name = Release;
		};
		6CCE8310221DAEEA000FC053 /* Debug */ = {
			isa = XCBuildConfiguration;
			buildSettings = {
				ASSETCATALOG_COMPILER_APPICON_NAME = AppIcon;
				CODE_SIGN_STYLE = Automatic;
				DEVELOPMENT_TEAM = MFJ62GSP49;
				INFOPLIST_FILE = "FloowJourney/Supporting Files/Info.plist";
				IPHONEOS_DEPLOYMENT_TARGET = 11.0;
				LD_RUNPATH_SEARCH_PATHS = (
					"$(inherited)",
					"@executable_path/Frameworks",
				);
				PRODUCT_BUNDLE_IDENTIFIER = com.harryliddell.FloowJourney;
				PRODUCT_NAME = "$(TARGET_NAME)";
				SWIFT_VERSION = 4.2;
				TARGETED_DEVICE_FAMILY = "1,2";
			};
			name = Debug;
		};
		6CCE8311221DAEEA000FC053 /* Release */ = {
			isa = XCBuildConfiguration;
			buildSettings = {
				ASSETCATALOG_COMPILER_APPICON_NAME = AppIcon;
				CODE_SIGN_STYLE = Automatic;
				DEVELOPMENT_TEAM = MFJ62GSP49;
				INFOPLIST_FILE = "FloowJourney/Supporting Files/Info.plist";
				IPHONEOS_DEPLOYMENT_TARGET = 11.0;
				LD_RUNPATH_SEARCH_PATHS = (
					"$(inherited)",
					"@executable_path/Frameworks",
				);
				PRODUCT_BUNDLE_IDENTIFIER = com.harryliddell.FloowJourney;
				PRODUCT_NAME = "$(TARGET_NAME)";
				SWIFT_VERSION = 4.2;
				TARGETED_DEVICE_FAMILY = "1,2";
			};
			name = Release;
		};
/* End XCBuildConfiguration section */

/* Begin XCConfigurationList section */
		6CCE82F8221DAEE8000FC053 /* Build configuration list for PBXProject "FloowJourney" */ = {
			isa = XCConfigurationList;
			buildConfigurations = (
				6CCE830D221DAEEA000FC053 /* Debug */,
				6CCE830E221DAEEA000FC053 /* Release */,
			);
			defaultConfigurationIsVisible = 0;
			defaultConfigurationName = Release;
		};
		6CCE830F221DAEEA000FC053 /* Build configuration list for PBXNativeTarget "FloowJourney" */ = {
			isa = XCConfigurationList;
			buildConfigurations = (
				6CCE8310221DAEEA000FC053 /* Debug */,
				6CCE8311221DAEEA000FC053 /* Release */,
			);
			defaultConfigurationIsVisible = 0;
			defaultConfigurationName = Release;
		};
/* End XCConfigurationList section */
	};
	rootObject = 6CCE82F5221DAEE8000FC053 /* Project object */;
}
